
Microsoft Visual Studio Solution File, Format Version 12.00
# Visual Studio Version 16
VisualStudioVersion = 16.0.30717.126
MinimumVisualStudioVersion = 10.0.40219.1
Project("{9A19103F-16F7-4668-BE54-9A1E7A4F7556}") = "CodeInterpreterWA", "CodeInterpreterWA.csproj", "{D6DAD86B-313A-421F-8B22-3D82A2CDDAEA}"
EndProject
Global
	GlobalSection(SolutionConfigurationPlatforms) = preSolution
		Debug|Any CPU = Debug|Any CPU
		Release|Any CPU = Release|Any CPU
	EndGlobalSection
	GlobalSection(ProjectConfigurationPlatforms) = postSolution
		{D6DAD86B-313A-421F-8B22-3D82A2CDDAEA}.Debug|Any CPU.ActiveCfg = Debug|Any CPU
		{D6DAD86B-313A-421F-8B22-3D82A2CDDAEA}.Debug|Any CPU.Build.0 = Debug|Any CPU
		{D6DAD86B-313A-421F-8B22-3D82A2CDDAEA}.Release|Any CPU.ActiveCfg = Release|Any CPU
		{D6DAD86B-313A-421F-8B22-3D82A2CDDAEA}.Release|Any CPU.Build.0 = Release|Any CPU
	EndGlobalSection
	GlobalSection(SolutionProperties) = preSolution
		HideSolutionNode = FALSE
	EndGlobalSection
	GlobalSection(ExtensibilityGlobals) = postSolution
		SolutionGuid = {FB8C157F-11D8-40A6-AB01-51955BA54409}
	EndGlobalSection
EndGlobal
